
Microsoft Visual Studio Solution File, Format Version 12.00
# Visual Studio Version 17
VisualStudioVersion = 17.4.33122.133
MinimumVisualStudioVersion = 10.0.40219.1
Project("{FAE04EC0-301F-11D3-BF4B-00C04F79EFBC}") = "ClassLibrary1", "ClassLibrary1\ClassLibrary1.csproj", "{13DEF0D3-88A6-4E66-9811-34C2EE730D52}"
EndProject
Global
	GlobalSection(SolutionConfigurationPlatforms) = preSolution
		Debug|Any CPU = Debug|Any CPU
		Release|Any CPU = Release|Any CPU
	EndGlobalSection
	GlobalSection(ProjectConfigurationPlatforms) = postSolution
		{13DEF0D3-88A6-4E66-9811-34C2EE730D52}.Debug|Any CPU.ActiveCfg = Debug|Any CPU
		{13DEF0D3-88A6-4E66-9811-34C2EE730D52}.Debug|Any CPU.Build.0 = Debug|Any CPU
		{13DEF0D3-88A6-4E66-9811-34C2EE730D52}.Release|Any CPU.ActiveCfg = Release|Any CPU
		{13DEF0D3-88A6-4E66-9811-34C2EE730D52}.Release|Any CPU.Build.0 = Release|Any CPU
	EndGlobalSection
	GlobalSection(SolutionProperties) = preSolution
		HideSolutionNode = FALSE
	EndGlobalSection
	GlobalSection(ExtensibilityGlobals) = postSolution
		SolutionGuid = {E1C07115-827A-4800-800F-DBCE91896EC3}
	EndGlobalSection
EndGlobal
